// !$*UTF8*$!
{
	archiveVersion = 1;
	classes = {
	};
	objectVersion = 46;
	objects = {

/* Begin PBXBuildFile section */
		5CE872E31AE95CFD00FF40A7 /* main.m in Sources */ = {isa = PBXBuildFile; fileRef = 5CE872E21AE95CFD00FF40A7 /* main.m */; };
		5CE872E61AE95CFD00FF40A7 /* AppDelegate.m in Sources */ = {isa = PBXBuildFile; fileRef = 5CE872E51AE95CFD00FF40A7 /* AppDelegate.m */; };
		5CE872E91AE95CFD00FF40A7 /* ViewController.m in Sources */ = {isa = PBXBuildFile; fileRef = 5CE872E81AE95CFD00FF40A7 /* ViewController.m */; };
		5CE872EC1AE95CFD00FF40A7 /* Main.storyboard in Resources */ = {isa = PBXBuildFile; fileRef = 5CE872EA1AE95CFD00FF40A7 /* Main.storyboard */; };
		5CE872EE1AE95CFD00FF40A7 /* Images.xcassets in Resources */ = {isa = PBXBuildFile; fileRef = 5CE872ED1AE95CFD00FF40A7 /* Images.xcassets */; };
		5CE872F11AE95CFD00FF40A7 /* LaunchScreen.xib in Resources */ = {isa = PBXBuildFile; fileRef = 5CE872EF1AE95CFD00FF40A7 /* LaunchScreen.xib */; };
		5CE872FD1AE95CFD00FF40A7 /* RedBlackTree_objcTests.m in Sources */ = {isa = PBXBuildFile; fileRef = 5CE872FC1AE95CFD00FF40A7 /* RedBlackTree_objcTests.m */; };
/* End PBXBuildFile section */

/* Begin PBXContainerItemProxy section */
		5CE872F71AE95CFD00FF40A7 /* PBXContainerItemProxy */ = {
			isa = PBXContainerItemProxy;
			containerPortal = 5CE872D51AE95CFD00FF40A7 /* Project object */;
			proxyType = 1;
			remoteGlobalIDString = 5CE872DC1AE95CFD00FF40A7;
			remoteInfo = RedBlackTree_objc;
		};
/* End PBXContainerItemProxy section */

/* Begin PBXFileReference section */
		5CE872DD1AE95CFD00FF40A7 /* RedBlackTree_objc.app */ = {isa = PBXFileReference; explicitFileType = wrapper.application; includeInIndex = 0; path = RedBlackTree_objc.app; sourceTree = BUILT_PRODUCTS_DIR; };
		5CE872E11AE95CFD00FF40A7 /* Info.plist */ = {isa = PBXFileReference; lastKnownFileType = text.plist.xml; path = Info.plist; sourceTree = "<group>"; };
		5CE872E21AE95CFD00FF40A7 /* main.m */ = {isa = PBXFileReference; lastKnownFileType = sourcecode.c.objc; path = main.m; sourceTree = "<group>"; };
		5CE872E41AE95CFD00FF40A7 /* AppDelegate.h */ = {isa = PBXFileReference; lastKnownFileType = sourcecode.c.h; path = AppDelegate.h; sourceTree = "<group>"; };
		5CE872E51AE95CFD00FF40A7 /* AppDelegate.m */ = {isa = PBXFileReference; lastKnownFileType = sourcecode.c.objc; path = AppDelegate.m; sourceTree = "<group>"; };
		5CE872E71AE95CFD00FF40A7 /* ViewController.h */ = {isa = PBXFileReference; lastKnownFileType = sourcecode.c.h; path = ViewController.h; sourceTree = "<group>"; };
		5CE872E81AE95CFD00FF40A7 /* ViewController.m */ = {isa = PBXFileReference; lastKnownFileType = sourcecode.c.objc; path = ViewController.m; sourceTree = "<group>"; };
		5CE872EB1AE95CFD00FF40A7 /* Base */ = {isa = PBXFileReference; lastKnownFileType = file.storyboard; name = Base; path = Base.lproj/Main.storyboard; sourceTree = "<group>"; };
		5CE872ED1AE95CFD00FF40A7 /* Images.xcassets */ = {isa = PBXFileReference; lastKnownFileType = folder.assetcatalog; path = Images.xcassets; sourceTree = "<group>"; };
		5CE872F01AE95CFD00FF40A7 /* Base */ = {isa = PBXFileReference; lastKnownFileType = file.xib; name = Base; path = Base.lproj/LaunchScreen.xib; sourceTree = "<group>"; };
		5CE872F61AE95CFD00FF40A7 /* RedBlackTree_objcTests.xctest */ = {isa = PBXFileReference; explicitFileType = wrapper.cfbundle; includeInIndex = 0; path = RedBlackTree_objcTests.xctest; sourceTree = BUILT_PRODUCTS_DIR; };
		5CE872FB1AE95CFD00FF40A7 /* Info.plist */ = {isa = PBXFileReference; lastKnownFileType = text.plist.xml; path = Info.plist; sourceTree = "<group>"; };
		5CE872FC1AE95CFD00FF40A7 /* RedBlackTree_objcTests.m */ = {isa = PBXFileReference; lastKnownFileType = sourcecode.c.objc; path = RedBlackTree_objcTests.m; sourceTree = "<group>"; };
/* End PBXFileReference section */

/* Begin PBXFrameworksBuildPhase section */
		5CE872DA1AE95CFD00FF40A7 /* Frameworks */ = {
			isa = PBXFrameworksBuildPhase;
			buildActionMask = 2147483647;
			files = (
			);
			runOnlyForDeploymentPostprocessing = 0;
		};
		5CE872F31AE95CFD00FF40A7 /* Frameworks */ = {
			isa = PBXFrameworksBuildPhase;
			buildActionMask = 2147483647;
			files = (
			);
			runOnlyForDeploymentPostprocessing = 0;
		};
/* End PBXFrameworksBuildPhase section */

/* Begin PBXGroup section */
		5CE872D41AE95CFD00FF40A7 = {
			isa = PBXGroup;
			children = (
				5CE872DF1AE95CFD00FF40A7 /* RedBlackTree_objc */,
				5CE872F91AE95CFD00FF40A7 /* RedBlackTree_objcTests */,
				5CE872DE1AE95CFD00FF40A7 /* Products */,
			);
			sourceTree = "<group>";
		};
		5CE872DE1AE95CFD00FF40A7 /* Products */ = {
			isa = PBXGroup;
			children = (
				5CE872DD1AE95CFD00FF40A7 /* RedBlackTree_objc.app */,
				5CE872F61AE95CFD00FF40A7 /* RedBlackTree_objcTests.xctest */,
			);
			name = Products;
			sourceTree = "<group>";
		};
		5CE872DF1AE95CFD00FF40A7 /* RedBlackTree_objc */ = {
			isa = PBXGroup;
			children = (
				5CE872E41AE95CFD00FF40A7 /* AppDelegate.h */,
				5CE872E51AE95CFD00FF40A7 /* AppDelegate.m */,
				5CE872E71AE95CFD00FF40A7 /* ViewController.h */,
				5CE872E81AE95CFD00FF40A7 /* ViewController.m */,
				5CE872EA1AE95CFD00FF40A7 /* Main.storyboard */,
				5CE872ED1AE95CFD00FF40A7 /* Images.xcassets */,
				5CE872EF1AE95CFD00FF40A7 /* LaunchScreen.xib */,
				5CE872E01AE95CFD00FF40A7 /* Supporting Files */,
			);
			path = RedBlackTree_objc;
			sourceTree = "<group>";
		};
		5CE872E01AE95CFD00FF40A7 /* Supporting Files */ = {
			isa = PBXGroup;
			children = (
				5CE872E11AE95CFD00FF40A7 /* Info.plist */,
				5CE872E21AE95CFD00FF40A7 /* main.m */,
			);
			name = "Supporting Files";
			sourceTree = "<group>";
		};
		5CE872F91AE95CFD00FF40A7 /* RedBlackTree_objcTests */ = {
			isa = PBXGroup;
			children = (
				5CE872FC1AE95CFD00FF40A7 /* RedBlackTree_objcTests.m */,
				5CE872FA1AE95CFD00FF40A7 /* Supporting Files */,
			);
			path = RedBlackTree_objcTests;
			sourceTree = "<group>";
		};
		5CE872FA1AE95CFD00FF40A7 /* Supporting Files */ = {
			isa = PBXGroup;
			children = (
				5CE872FB1AE95CFD00FF40A7 /* Info.plist */,
			);
			name = "Supporting Files";
			sourceTree = "<group>";
		};
/* End PBXGroup section */

/* Begin PBXNativeTarget section */
		5CE872DC1AE95CFD00FF40A7 /* RedBlackTree_objc */ = {
			isa = PBXNativeTarget;
			buildConfigurationList = 5CE873001AE95CFD00FF40A7 /* Build configuration list for PBXNativeTarget "RedBlackTree_objc" */;
			buildPhases = (
				5CE872D91AE95CFD00FF40A7 /* Sources */,
				5CE872DA1AE95CFD00FF40A7 /* Frameworks */,
				5CE872DB1AE95CFD00FF40A7 /* Resources */,
			);
			buildRules = (
			);
			dependencies = (
			);
			name = RedBlackTree_objc;
			productName = RedBlackTree_objc;
			productReference = 5CE872DD1AE95CFD00FF40A7 /* RedBlackTree_objc.app */;
			productType = "com.apple.product-type.application";
		};
		5CE872F51AE95CFD00FF40A7 /* RedBlackTree_objcTests */ = {
			isa = PBXNativeTarget;
			buildConfigurationList = 5CE873031AE95CFD00FF40A7 /* Build configuration list for PBXNativeTarget "RedBlackTree_objcTests" */;
			buildPhases = (
				5CE872F21AE95CFD00FF40A7 /* Sources */,
				5CE872F31AE95CFD00FF40A7 /* Frameworks */,
				5CE872F41AE95CFD00FF40A7 /* Resources */,
			);
			buildRules = (
			);
			dependencies = (
				5CE872F81AE95CFD00FF40A7 /* PBXTargetDependency */,
			);
			name = RedBlackTree_objcTests;
			productName = RedBlackTree_objcTests;
			productReference = 5CE872F61AE95CFD00FF40A7 /* RedBlackTree_objcTests.xctest */;
			productType = "com.apple.product-type.bundle.unit-test";
		};
/* End PBXNativeTarget section */

/* Begin PBXProject section */
		5CE872D51AE95CFD00FF40A7 /* Project object */ = {
			isa = PBXProject;
			attributes = {
				LastUpgradeCheck = 0620;
				ORGANIZATIONNAME = "Henry Savit";
				TargetAttributes = {
					5CE872DC1AE95CFD00FF40A7 = {
						CreatedOnToolsVersion = 6.2;
					};
					5CE872F51AE95CFD00FF40A7 = {
						CreatedOnToolsVersion = 6.2;
						TestTargetID = 5CE872DC1AE95CFD00FF40A7;
					};
				};
			};
			buildConfigurationList = 5CE872D81AE95CFD00FF40A7 /* Build configuration list for PBXProject "RedBlackTree_objc" */;
			compatibilityVersion = "Xcode 3.2";
			developmentRegion = English;
			hasScannedForEncodings = 0;
			knownRegions = (
				en,
				Base,
			);
			mainGroup = 5CE872D41AE95CFD00FF40A7;
			productRefGroup = 5CE872DE1AE95CFD00FF40A7 /* Products */;
			projectDirPath = "";
			projectRoot = "";
			targets = (
				5CE872DC1AE95CFD00FF40A7 /* RedBlackTree_objc */,
				5CE872F51AE95CFD00FF40A7 /* RedBlackTree_objcTests */,
			);
		};
/* End PBXProject section */

/* Begin PBXResourcesBuildPhase section */
		5CE872DB1AE95CFD00FF40A7 /* Resources */ = {
			isa = PBXResourcesBuildPhase;
			buildActionMask = 2147483647;
			files = (
				5CE872EC1AE95CFD00FF40A7 /* Main.storyboard in Resources */,
				5CE872F11AE95CFD00FF40A7 /* LaunchScreen.xib in Resources */,
				5CE872EE1AE95CFD00FF40A7 /* Images.xcassets in Resources */,
			);
			runOnlyForDeploymentPostprocessing = 0;
		};
		5CE872F41AE95CFD00FF40A7 /* Resources */ = {
			isa = PBXResourcesBuildPhase;
			buildActionMask = 2147483647;
			files = (
			);
			runOnlyForDeploymentPostprocessing = 0;
		};
/* End PBXResourcesBuildPhase section */

/* Begin PBXSourcesBuildPhase section */
		5CE872D91AE95CFD00FF40A7 /* Sources */ = {
			isa = PBXSourcesBuildPhase;
			buildActionMask = 2147483647;
			files = (
				5CE872E91AE95CFD00FF40A7 /* ViewController.m in Sources */,
				5CE872E61AE95CFD00FF40A7 /* AppDelegate.m in Sources */,
				5CE872E31AE95CFD00FF40A7 /* main.m in Sources */,
			);
			runOnlyForDeploymentPostprocessing = 0;
		};
		5CE872F21AE95CFD00FF40A7 /* Sources */ = {
			isa = PBXSourcesBuildPhase;
			buildActionMask = 2147483647;
			files = (
				5CE872FD1AE95CFD00FF40A7 /* RedBlackTree_objcTests.m in Sources */,
			);
			runOnlyForDeploymentPostprocessing = 0;
		};
/* End PBXSourcesBuildPhase section */

/* Begin PBXTargetDependency section */
		5CE872F81AE95CFD00FF40A7 /* PBXTargetDependency */ = {
			isa = PBXTargetDependency;
			target = 5CE872DC1AE95CFD00FF40A7 /* RedBlackTree_objc */;
			targetProxy = 5CE872F71AE95CFD00FF40A7 /* PBXContainerItemProxy */;
		};
/* End PBXTargetDependency section */

/* Begin PBXVariantGroup section */
		5CE872EA1AE95CFD00FF40A7 /* Main.storyboard */ = {
			isa = PBXVariantGroup;
			children = (
				5CE872EB1AE95CFD00FF40A7 /* Base */,
			);
			name = Main.storyboard;
			sourceTree = "<group>";
		};
		5CE872EF1AE95CFD00FF40A7 /* LaunchScreen.xib */ = {
			isa = PBXVariantGroup;
			children = (
				5CE872F01AE95CFD00FF40A7 /* Base */,
			);
			name = LaunchScreen.xib;
			sourceTree = "<group>";
		};
/* End PBXVariantGroup section */

/* Begin XCBuildConfiguration section */
		5CE872FE1AE95CFD00FF40A7 /* Debug */ = {
			isa = XCBuildConfiguration;
			buildSettings = {
				ALWAYS_SEARCH_USER_PATHS = NO;
				CLANG_CXX_LANGUAGE_STANDARD = "gnu++0x";
				CLANG_CXX_LIBRARY = "libc++";
				CLANG_ENABLE_MODULES = YES;
				CLANG_ENABLE_OBJC_ARC = YES;
				CLANG_WARN_BOOL_CONVERSION = YES;
				CLANG_WARN_CONSTANT_CONVERSION = YES;
				CLANG_WARN_DIRECT_OBJC_ISA_USAGE = YES_ERROR;
				CLANG_WARN_EMPTY_BODY = YES;
				CLANG_WARN_ENUM_CONVERSION = YES;
				CLANG_WARN_INT_CONVERSION = YES;
				CLANG_WARN_OBJC_ROOT_CLASS = YES_ERROR;
				CLANG_WARN_UNREACHABLE_CODE = YES;
				CLANG_WARN__DUPLICATE_METHOD_MATCH = YES;
				"CODE_SIGN_IDENTITY[sdk=iphoneos*]" = "iPhone Developer";
				COPY_PHASE_STRIP = NO;
				ENABLE_STRICT_OBJC_MSGSEND = YES;
				GCC_C_LANGUAGE_STANDARD = gnu99;
				GCC_DYNAMIC_NO_PIC = NO;
				GCC_OPTIMIZATION_LEVEL = 0;
				GCC_PREPROCESSOR_DEFINITIONS = (
					"DEBUG=1",
					"$(inherited)",
				);
				GCC_SYMBOLS_PRIVATE_EXTERN = NO;
				GCC_WARN_64_TO_32_BIT_CONVERSION = YES;
				GCC_WARN_ABOUT_RETURN_TYPE = YES_ERROR;
				GCC_WARN_UNDECLARED_SELECTOR = YES;
				GCC_WARN_UNINITIALIZED_AUTOS = YES_AGGRESSIVE;
				GCC_WARN_UNUSED_FUNCTION = YES;
				GCC_WARN_UNUSED_VARIABLE = YES;
				IPHONEOS_DEPLOYMENT_TARGET = 8.2;
				MTL_ENABLE_DEBUG_INFO = YES;
				ONLY_ACTIVE_ARCH = YES;
				SDKROOT = iphoneos;
			};
			name = Debug;
		};
		5CE872FF1AE95CFD00FF40A7 /* Release */ = {
			isa = XCBuildConfiguration;
			buildSettings = {
				ALWAYS_SEARCH_USER_PATHS = NO;
				CLANG_CXX_LANGUAGE_STANDARD = "gnu++0x";
				CLANG_CXX_LIBRARY = "libc++";
				CLANG_ENABLE_MODULES = YES;
				CLANG_ENABLE_OBJC_ARC = YES;
				CLANG_WARN_BOOL_CONVERSION = YES;
				CLANG_WARN_CONSTANT_CONVERSION = YES;
				CLANG_WARN_DIRECT_OBJC_ISA_USAGE = YES_ERROR;
				CLANG_WARN_EMPTY_BODY = YES;
				CLANG_WARN_ENUM_CONVERSION = YES;
				CLANG_WARN_INT_CONVERSION = YES;
				CLANG_WARN_OBJC_ROOT_CLASS = YES_ERROR;
				CLANG_WARN_UNREACHABLE_CODE = YES;
				CLANG_WARN__DUPLICATE_METHOD_MATCH = YES;
				"CODE_SIGN_IDENTITY[sdk=iphoneos*]" = "iPhone Developer";
				COPY_PHASE_STRIP = NO;
				ENABLE_NS_ASSERTIONS = NO;
				ENABLE_STRICT_OBJC_MSGSEND = YES;
				GCC_C_LANGUAGE_STANDARD = gnu99;
				GCC_WARN_64_TO_32_BIT_CONVERSION = YES;
				GCC_WARN_ABOUT_RETURN_TYPE = YES_ERROR;
				GCC_WARN_UNDECLARED_SELECTOR = YES;
				GCC_WARN_UNINITIALIZED_AUTOS = YES_AGGRESSIVE;
				GCC_WARN_UNUSED_FUNCTION = YES;
				GCC_WARN_UNUSED_VARIABLE = YES;
				IPHONEOS_DEPLOYMENT_TARGET = 8.2;
				MTL_ENABLE_DEBUG_INFO = NO;
				SDKROOT = iphoneos;
				VALIDATE_PRODUCT = YES;
			};
			name = Release;
		};
		5CE873011AE95CFD00FF40A7 /* Debug */ = {
			isa = XCBuildConfiguration;
			buildSettings = {
				ASSETCATALOG_COMPILER_APPICON_NAME = AppIcon;
				INFOPLIST_FILE = RedBlackTree_objc/Info.plist;
				LD_RUNPATH_SEARCH_PATHS = "$(inherited) @executable_path/Frameworks";
				PRODUCT_NAME = "$(TARGET_NAME)";
			};
			name = Debug;
		};
		5CE873021AE95CFD00FF40A7 /* Release */ = {
			isa = XCBuildConfiguration;
			buildSettings = {
				ASSETCATALOG_COMPILER_APPICON_NAME = AppIcon;
				INFOPLIST_FILE = RedBlackTree_objc/Info.plist;
				LD_RUNPATH_SEARCH_PATHS = "$(inherited) @executable_path/Frameworks";
				PRODUCT_NAME = "$(TARGET_NAME)";
			};
			name = Release;
		};
		5CE873041AE95CFD00FF40A7 /* Debug */ = {
			isa = XCBuildConfiguration;
			buildSettings = {
				BUNDLE_LOADER = "$(TEST_HOST)";
				FRAMEWORK_SEARCH_PATHS = (
					"$(SDKROOT)/Developer/Library/Frameworks",
					"$(inherited)",
				);
				GCC_PREPROCESSOR_DEFINITIONS = (
					"DEBUG=1",
					"$(inherited)",
				);
				INFOPLIST_FILE = RedBlackTree_objcTests/Info.plist;
				LD_RUNPATH_SEARCH_PATHS = "$(inherited) @executable_path/Frameworks @loader_path/Frameworks";
				PRODUCT_NAME = "$(TARGET_NAME)";
				TEST_HOST = "$(BUILT_PRODUCTS_DIR)/RedBlackTree_objc.app/RedBlackTree_objc";
			};
			name = Debug;
		};
		5CE873051AE95CFD00FF40A7 /* Release */ = {
			isa = XCBuildConfiguration;
			buildSettings = {
				BUNDLE_LOADER = "$(TEST_HOST)";
				FRAMEWORK_SEARCH_PATHS = (
					"$(SDKROOT)/Developer/Library/Frameworks",
					"$(inherited)",
				);
				INFOPLIST_FILE = RedBlackTree_objcTests/Info.plist;
				LD_RUNPATH_SEARCH_PATHS = "$(inherited) @executable_path/Frameworks @loader_path/Frameworks";
				PRODUCT_NAME = "$(TARGET_NAME)";
				TEST_HOST = "$(BUILT_PRODUCTS_DIR)/RedBlackTree_objc.app/RedBlackTree_objc";
			};
			name = Release;
		};
/* End XCBuildConfiguration section */

/* Begin XCConfigurationList section */
		5CE872D81AE95CFD00FF40A7 /* Build configuration list for PBXProject "RedBlackTree_objc" */ = {
			isa = XCConfigurationList;
			buildConfigurations = (
				5CE872FE1AE95CFD00FF40A7 /* Debug */,
				5CE872FF1AE95CFD00FF40A7 /* Release */,
			);
			defaultConfigurationIsVisible = 0;
			defaultConfigurationName = Release;
		};
		5CE873001AE95CFD00FF40A7 /* Build configuration list for PBXNativeTarget "RedBlackTree_objc" */ = {
			isa = XCConfigurationList;
			buildConfigurations = (
				5CE873011AE95CFD00FF40A7 /* Debug */,
				5CE873021AE95CFD00FF40A7 /* Release */,
			);
			defaultConfigurationIsVisible = 0;
		};
		5CE873031AE95CFD00FF40A7 /* Build configuration list for PBXNativeTarget "RedBlackTree_objcTests" */ = {
			isa = XCConfigurationList;
			buildConfigurations = (
				5CE873041AE95CFD00FF40A7 /* Debug */,
				5CE873051AE95CFD00FF40A7 /* Release */,
			);
			defaultConfigurationIsVisible = 0;
		};
/* End XCConfigurationList section */
	};
	rootObject = 5CE872D51AE95CFD00FF40A7 /* Project object */;
}
